// !$*UTF8*$!
{
	archiveVersion = 1;
	classes = {
	};
	objectVersion = 46;
	objects = {

/* Begin PBXBuildFile section */
		FC0D0D8E1AA662DE0094F710 /* PetViewController.swift in Sources */ = {isa = PBXBuildFile; fileRef = FC0D0D8D1AA662DE0094F710 /* PetViewController.swift */; };
		FC0D0D901AA6632A0094F710 /* NavigationViewController.swift in Sources */ = {isa = PBXBuildFile; fileRef = FC0D0D8F1AA6632A0094F710 /* NavigationViewController.swift */; };
		FC0D0D921AA667240094F710 /* NoPetViewController.swift in Sources */ = {isa = PBXBuildFile; fileRef = FC0D0D911AA667240094F710 /* NoPetViewController.swift */; };
		FC36AE771AA5B8A2004F91F1 /* AppDelegate.swift in Sources */ = {isa = PBXBuildFile; fileRef = FC36AE761AA5B8A2004F91F1 /* AppDelegate.swift */; };
		FC36AE791AA5B8A2004F91F1 /* ViewController.swift in Sources */ = {isa = PBXBuildFile; fileRef = FC36AE781AA5B8A2004F91F1 /* ViewController.swift */; };
		FC36AE7C1AA5B8A2004F91F1 /* Main.storyboard in Resources */ = {isa = PBXBuildFile; fileRef = FC36AE7A1AA5B8A2004F91F1 /* Main.storyboard */; };
		FC36AE7E1AA5B8A2004F91F1 /* Images.xcassets in Resources */ = {isa = PBXBuildFile; fileRef = FC36AE7D1AA5B8A2004F91F1 /* Images.xcassets */; };
		FC36AE811AA5B8A2004F91F1 /* LaunchScreen.xib in Resources */ = {isa = PBXBuildFile; fileRef = FC36AE7F1AA5B8A2004F91F1 /* LaunchScreen.xib */; };
		FC36AE8D1AA5B8A2004F91F1 /* MemoreadTests.swift in Sources */ = {isa = PBXBuildFile; fileRef = FC36AE8C1AA5B8A2004F91F1 /* MemoreadTests.swift */; };
		FC36AE981AA5BA72004F91F1 /* CloudKit.framework in Frameworks */ = {isa = PBXBuildFile; fileRef = FC36AE971AA5BA72004F91F1 /* CloudKit.framework */; };
		FC36AE9A1AA5BBA8004F91F1 /* CloudKitHandler.swift in Sources */ = {isa = PBXBuildFile; fileRef = FC36AE991AA5BBA8004F91F1 /* CloudKitHandler.swift */; };
		FCB9D6191AA7632A00B99DEC /* LiddyBottomBanner.png in Resources */ = {isa = PBXBuildFile; fileRef = FCB9D6181AA7632A00B99DEC /* LiddyBottomBanner.png */; };
		FCB9D61B1AA7645200B99DEC /* FirstPetto.png in Resources */ = {isa = PBXBuildFile; fileRef = FCB9D61A1AA7645200B99DEC /* FirstPetto.png */; };
/* End PBXBuildFile section */

/* Begin PBXContainerItemProxy section */
		FC36AE871AA5B8A2004F91F1 /* PBXContainerItemProxy */ = {
			isa = PBXContainerItemProxy;
			containerPortal = FC36AE691AA5B8A2004F91F1 /* Project object */;
			proxyType = 1;
			remoteGlobalIDString = FC36AE701AA5B8A2004F91F1;
			remoteInfo = Memoread;
		};
/* End PBXContainerItemProxy section */

/* Begin PBXFileReference section */
		FC0D0D8D1AA662DE0094F710 /* PetViewController.swift */ = {isa = PBXFileReference; fileEncoding = 4; lastKnownFileType = sourcecode.swift; path = PetViewController.swift; sourceTree = "<group>"; };
		FC0D0D8F1AA6632A0094F710 /* NavigationViewController.swift */ = {isa = PBXFileReference; fileEncoding = 4; lastKnownFileType = sourcecode.swift; path = NavigationViewController.swift; sourceTree = "<group>"; };
		FC0D0D911AA667240094F710 /* NoPetViewController.swift */ = {isa = PBXFileReference; fileEncoding = 4; lastKnownFileType = sourcecode.swift; path = NoPetViewController.swift; sourceTree = "<group>"; };
		FC36AE711AA5B8A2004F91F1 /* Memoread.app */ = {isa = PBXFileReference; explicitFileType = wrapper.application; includeInIndex = 0; path = Memoread.app; sourceTree = BUILT_PRODUCTS_DIR; };
		FC36AE751AA5B8A2004F91F1 /* Info.plist */ = {isa = PBXFileReference; lastKnownFileType = text.plist.xml; path = Info.plist; sourceTree = "<group>"; };
		FC36AE761AA5B8A2004F91F1 /* AppDelegate.swift */ = {isa = PBXFileReference; lastKnownFileType = sourcecode.swift; path = AppDelegate.swift; sourceTree = "<group>"; };
		FC36AE781AA5B8A2004F91F1 /* ViewController.swift */ = {isa = PBXFileReference; lastKnownFileType = sourcecode.swift; path = ViewController.swift; sourceTree = "<group>"; };
		FC36AE7B1AA5B8A2004F91F1 /* Base */ = {isa = PBXFileReference; lastKnownFileType = file.storyboard; name = Base; path = Base.lproj/Main.storyboard; sourceTree = "<group>"; };
		FC36AE7D1AA5B8A2004F91F1 /* Images.xcassets */ = {isa = PBXFileReference; lastKnownFileType = folder.assetcatalog; path = Images.xcassets; sourceTree = "<group>"; };
		FC36AE801AA5B8A2004F91F1 /* Base */ = {isa = PBXFileReference; lastKnownFileType = file.xib; name = Base; path = Base.lproj/LaunchScreen.xib; sourceTree = "<group>"; };
		FC36AE861AA5B8A2004F91F1 /* MemoreadTests.xctest */ = {isa = PBXFileReference; explicitFileType = wrapper.cfbundle; includeInIndex = 0; path = MemoreadTests.xctest; sourceTree = BUILT_PRODUCTS_DIR; };
		FC36AE8B1AA5B8A2004F91F1 /* Info.plist */ = {isa = PBXFileReference; lastKnownFileType = text.plist.xml; path = Info.plist; sourceTree = "<group>"; };
		FC36AE8C1AA5B8A2004F91F1 /* MemoreadTests.swift */ = {isa = PBXFileReference; lastKnownFileType = sourcecode.swift; path = MemoreadTests.swift; sourceTree = "<group>"; };
		FC36AE961AA5BA6C004F91F1 /* Memoread.entitlements */ = {isa = PBXFileReference; lastKnownFileType = text.xml; path = Memoread.entitlements; sourceTree = "<group>"; };
		FC36AE971AA5BA72004F91F1 /* CloudKit.framework */ = {isa = PBXFileReference; lastKnownFileType = wrapper.framework; name = CloudKit.framework; path = System/Library/Frameworks/CloudKit.framework; sourceTree = SDKROOT; };
		FC36AE991AA5BBA8004F91F1 /* CloudKitHandler.swift */ = {isa = PBXFileReference; fileEncoding = 4; lastKnownFileType = sourcecode.swift; path = CloudKitHandler.swift; sourceTree = "<group>"; };
		FCB9D6181AA7632A00B99DEC /* LiddyBottomBanner.png */ = {isa = PBXFileReference; lastKnownFileType = image.png; path = LiddyBottomBanner.png; sourceTree = "<group>"; };
		FCB9D61A1AA7645200B99DEC /* FirstPetto.png */ = {isa = PBXFileReference; lastKnownFileType = image.png; path = FirstPetto.png; sourceTree = "<group>"; };
/* End PBXFileReference section */

/* Begin PBXFrameworksBuildPhase section */
		FC36AE6E1AA5B8A2004F91F1 /* Frameworks */ = {
			isa = PBXFrameworksBuildPhase;
			buildActionMask = 2147483647;
			files = (
				FC36AE981AA5BA72004F91F1 /* CloudKit.framework in Frameworks */,
			);
			runOnlyForDeploymentPostprocessing = 0;
		};
		FC36AE831AA5B8A2004F91F1 /* Frameworks */ = {
			isa = PBXFrameworksBuildPhase;
			buildActionMask = 2147483647;
			files = (
			);
			runOnlyForDeploymentPostprocessing = 0;
		};
/* End PBXFrameworksBuildPhase section */

/* Begin PBXGroup section */
		FC36AE681AA5B8A2004F91F1 = {
			isa = PBXGroup;
			children = (
				FC36AE971AA5BA72004F91F1 /* CloudKit.framework */,
				FC36AE731AA5B8A2004F91F1 /* Memoread */,
				FC36AE891AA5B8A2004F91F1 /* MemoreadTests */,
				FC36AE721AA5B8A2004F91F1 /* Products */,
			);
			sourceTree = "<group>";
		};
		FC36AE721AA5B8A2004F91F1 /* Products */ = {
			isa = PBXGroup;
			children = (
				FC36AE711AA5B8A2004F91F1 /* Memoread.app */,
				FC36AE861AA5B8A2004F91F1 /* MemoreadTests.xctest */,
			);
			name = Products;
			sourceTree = "<group>";
		};
		FC36AE731AA5B8A2004F91F1 /* Memoread */ = {
			isa = PBXGroup;
			children = (
				FCB9D6151AA7621400B99DEC /* Images */,
				FC36AE961AA5BA6C004F91F1 /* Memoread.entitlements */,
				FC36AE761AA5B8A2004F91F1 /* AppDelegate.swift */,
				FC36AE781AA5B8A2004F91F1 /* ViewController.swift */,
				FC0D0D911AA667240094F710 /* NoPetViewController.swift */,
				FC0D0D8D1AA662DE0094F710 /* PetViewController.swift */,
				FC0D0D8F1AA6632A0094F710 /* NavigationViewController.swift */,
				FC36AE991AA5BBA8004F91F1 /* CloudKitHandler.swift */,
				FC36AE7A1AA5B8A2004F91F1 /* Main.storyboard */,
				FC36AE7D1AA5B8A2004F91F1 /* Images.xcassets */,
				FC36AE7F1AA5B8A2004F91F1 /* LaunchScreen.xib */,
				FC36AE741AA5B8A2004F91F1 /* Supporting Files */,
			);
			path = Memoread;
			sourceTree = "<group>";
		};
		FC36AE741AA5B8A2004F91F1 /* Supporting Files */ = {
			isa = PBXGroup;
			children = (
				FC36AE751AA5B8A2004F91F1 /* Info.plist */,
			);
			name = "Supporting Files";
			sourceTree = "<group>";
		};
		FC36AE891AA5B8A2004F91F1 /* MemoreadTests */ = {
			isa = PBXGroup;
			children = (
				FC36AE8C1AA5B8A2004F91F1 /* MemoreadTests.swift */,
				FC36AE8A1AA5B8A2004F91F1 /* Supporting Files */,
			);
			path = MemoreadTests;
			sourceTree = "<group>";
		};
		FC36AE8A1AA5B8A2004F91F1 /* Supporting Files */ = {
			isa = PBXGroup;
			children = (
				FC36AE8B1AA5B8A2004F91F1 /* Info.plist */,
			);
			name = "Supporting Files";
			sourceTree = "<group>";
		};
		FCB9D6151AA7621400B99DEC /* Images */ = {
			isa = PBXGroup;
			children = (
				FCB9D61A1AA7645200B99DEC /* FirstPetto.png */,
				FCB9D6181AA7632A00B99DEC /* LiddyBottomBanner.png */,
			);
			name = Images;
			sourceTree = "<group>";
		};
/* End PBXGroup section */

/* Begin PBXNativeTarget section */
		FC36AE701AA5B8A2004F91F1 /* Memoread */ = {
			isa = PBXNativeTarget;
			buildConfigurationList = FC36AE901AA5B8A2004F91F1 /* Build configuration list for PBXNativeTarget "Memoread" */;
			buildPhases = (
				FC36AE6D1AA5B8A2004F91F1 /* Sources */,
				FC36AE6E1AA5B8A2004F91F1 /* Frameworks */,
				FC36AE6F1AA5B8A2004F91F1 /* Resources */,
			);
			buildRules = (
			);
			dependencies = (
			);
			name = Memoread;
			productName = Memoread;
			productReference = FC36AE711AA5B8A2004F91F1 /* Memoread.app */;
			productType = "com.apple.product-type.application";
		};
		FC36AE851AA5B8A2004F91F1 /* MemoreadTests */ = {
			isa = PBXNativeTarget;
			buildConfigurationList = FC36AE931AA5B8A2004F91F1 /* Build configuration list for PBXNativeTarget "MemoreadTests" */;
			buildPhases = (
				FC36AE821AA5B8A2004F91F1 /* Sources */,
				FC36AE831AA5B8A2004F91F1 /* Frameworks */,
				FC36AE841AA5B8A2004F91F1 /* Resources */,
			);
			buildRules = (
			);
			dependencies = (
				FC36AE881AA5B8A2004F91F1 /* PBXTargetDependency */,
			);
			name = MemoreadTests;
			productName = MemoreadTests;
			productReference = FC36AE861AA5B8A2004F91F1 /* MemoreadTests.xctest */;
			productType = "com.apple.product-type.bundle.unit-test";
		};
/* End PBXNativeTarget section */

/* Begin PBXProject section */
		FC36AE691AA5B8A2004F91F1 /* Project object */ = {
			isa = PBXProject;
			attributes = {
				LastUpgradeCheck = 0630;
				ORGANIZATIONNAME = "Nick Jones";
				TargetAttributes = {
					FC36AE701AA5B8A2004F91F1 = {
						CreatedOnToolsVersion = 6.3;
						DevelopmentTeam = Q5LYGJE7L5;
						SystemCapabilities = {
							com.apple.iCloud = {
								enabled = 1;
							};
						};
					};
					FC36AE851AA5B8A2004F91F1 = {
						CreatedOnToolsVersion = 6.3;
						TestTargetID = FC36AE701AA5B8A2004F91F1;
					};
				};
			};
			buildConfigurationList = FC36AE6C1AA5B8A2004F91F1 /* Build configuration list for PBXProject "Memoread" */;
			compatibilityVersion = "Xcode 3.2";
			developmentRegion = English;
			hasScannedForEncodings = 0;
			knownRegions = (
				en,
				Base,
			);
			mainGroup = FC36AE681AA5B8A2004F91F1;
			productRefGroup = FC36AE721AA5B8A2004F91F1 /* Products */;
			projectDirPath = "";
			projectRoot = "";
			targets = (
				FC36AE701AA5B8A2004F91F1 /* Memoread */,
				FC36AE851AA5B8A2004F91F1 /* MemoreadTests */,
			);
		};
/* End PBXProject section */

/* Begin PBXResourcesBuildPhase section */
		FC36AE6F1AA5B8A2004F91F1 /* Resources */ = {
			isa = PBXResourcesBuildPhase;
			buildActionMask = 2147483647;
			files = (
				FC36AE7C1AA5B8A2004F91F1 /* Main.storyboard in Resources */,
				FCB9D6191AA7632A00B99DEC /* LiddyBottomBanner.png in Resources */,
				FC36AE811AA5B8A2004F91F1 /* LaunchScreen.xib in Resources */,
				FC36AE7E1AA5B8A2004F91F1 /* Images.xcassets in Resources */,
				FCB9D61B1AA7645200B99DEC /* FirstPetto.png in Resources */,
			);
			runOnlyForDeploymentPostprocessing = 0;
		};
		FC36AE841AA5B8A2004F91F1 /* Resources */ = {
			isa = PBXResourcesBuildPhase;
			buildActionMask = 2147483647;
			files = (
			);
			runOnlyForDeploymentPostprocessing = 0;
		};
/* End PBXResourcesBuildPhase section */

/* Begin PBXSourcesBuildPhase section */
		FC36AE6D1AA5B8A2004F91F1 /* Sources */ = {
			isa = PBXSourcesBuildPhase;
			buildActionMask = 2147483647;
			files = (
				FC36AE9A1AA5BBA8004F91F1 /* CloudKitHandler.swift in Sources */,
				FC0D0D921AA667240094F710 /* NoPetViewController.swift in Sources */,
				FC36AE791AA5B8A2004F91F1 /* ViewController.swift in Sources */,
				FC0D0D8E1AA662DE0094F710 /* PetViewController.swift in Sources */,
				FC0D0D901AA6632A0094F710 /* NavigationViewController.swift in Sources */,
				FC36AE771AA5B8A2004F91F1 /* AppDelegate.swift in Sources */,
			);
			runOnlyForDeploymentPostprocessing = 0;
		};
		FC36AE821AA5B8A2004F91F1 /* Sources */ = {
			isa = PBXSourcesBuildPhase;
			buildActionMask = 2147483647;
			files = (
				FC36AE8D1AA5B8A2004F91F1 /* MemoreadTests.swift in Sources */,
			);
			runOnlyForDeploymentPostprocessing = 0;
		};
/* End PBXSourcesBuildPhase section */

/* Begin PBXTargetDependency section */
		FC36AE881AA5B8A2004F91F1 /* PBXTargetDependency */ = {
			isa = PBXTargetDependency;
			target = FC36AE701AA5B8A2004F91F1 /* Memoread */;
			targetProxy = FC36AE871AA5B8A2004F91F1 /* PBXContainerItemProxy */;
		};
/* End PBXTargetDependency section */

/* Begin PBXVariantGroup section */
		FC36AE7A1AA5B8A2004F91F1 /* Main.storyboard */ = {
			isa = PBXVariantGroup;
			children = (
				FC36AE7B1AA5B8A2004F91F1 /* Base */,
			);
			name = Main.storyboard;
			sourceTree = "<group>";
		};
		FC36AE7F1AA5B8A2004F91F1 /* LaunchScreen.xib */ = {
			isa = PBXVariantGroup;
			children = (
				FC36AE801AA5B8A2004F91F1 /* Base */,
			);
			name = LaunchScreen.xib;
			sourceTree = "<group>";
		};
/* End PBXVariantGroup section */

/* Begin XCBuildConfiguration section */
		FC36AE8E1AA5B8A2004F91F1 /* Debug */ = {
			isa = XCBuildConfiguration;
			buildSettings = {
				ALWAYS_SEARCH_USER_PATHS = NO;
				CLANG_CXX_LANGUAGE_STANDARD = "gnu++0x";
				CLANG_CXX_LIBRARY = "libc++";
				CLANG_ENABLE_MODULES = YES;
				CLANG_ENABLE_OBJC_ARC = YES;
				CLANG_WARN_BOOL_CONVERSION = YES;
				CLANG_WARN_CONSTANT_CONVERSION = YES;
				CLANG_WARN_DIRECT_OBJC_ISA_USAGE = YES_ERROR;
				CLANG_WARN_EMPTY_BODY = YES;
				CLANG_WARN_ENUM_CONVERSION = YES;
				CLANG_WARN_INT_CONVERSION = YES;
				CLANG_WARN_OBJC_ROOT_CLASS = YES_ERROR;
				CLANG_WARN_UNREACHABLE_CODE = YES;
				CLANG_WARN__DUPLICATE_METHOD_MATCH = YES;
				"CODE_SIGN_IDENTITY[sdk=iphoneos*]" = "iPhone Developer";
				COPY_PHASE_STRIP = NO;
				DEBUG_INFORMATION_FORMAT = dwarf;
				ENABLE_STRICT_OBJC_MSGSEND = YES;
				GCC_C_LANGUAGE_STANDARD = gnu99;
				GCC_DYNAMIC_NO_PIC = NO;
				GCC_NO_COMMON_BLOCKS = YES;
				GCC_OPTIMIZATION_LEVEL = 0;
				GCC_PREPROCESSOR_DEFINITIONS = (
					"DEBUG=1",
					"$(inherited)",
				);
				GCC_SYMBOLS_PRIVATE_EXTERN = NO;
				GCC_WARN_64_TO_32_BIT_CONVERSION = YES;
				GCC_WARN_ABOUT_RETURN_TYPE = YES_ERROR;
				GCC_WARN_UNDECLARED_SELECTOR = YES;
				GCC_WARN_UNINITIALIZED_AUTOS = YES_AGGRESSIVE;
				GCC_WARN_UNUSED_FUNCTION = YES;
				GCC_WARN_UNUSED_VARIABLE = YES;
				IPHONEOS_DEPLOYMENT_TARGET = 8.3;
				MTL_ENABLE_DEBUG_INFO = YES;
				ONLY_ACTIVE_ARCH = YES;
				SDKROOT = iphoneos;
				SWIFT_OPTIMIZATION_LEVEL = "-Onone";
			};
			name = Debug;
		};
		FC36AE8F1AA5B8A2004F91F1 /* Release */ = {
			isa = XCBuildConfiguration;
			buildSettings = {
				ALWAYS_SEARCH_USER_PATHS = NO;
				CLANG_CXX_LANGUAGE_STANDARD = "gnu++0x";
				CLANG_CXX_LIBRARY = "libc++";
				CLANG_ENABLE_MODULES = YES;
				CLANG_ENABLE_OBJC_ARC = YES;
				CLANG_WARN_BOOL_CONVERSION = YES;
				CLANG_WARN_CONSTANT_CONVERSION = YES;
				CLANG_WARN_DIRECT_OBJC_ISA_USAGE = YES_ERROR;
				CLANG_WARN_EMPTY_BODY = YES;
				CLANG_WARN_ENUM_CONVERSION = YES;
				CLANG_WARN_INT_CONVERSION = YES;
				CLANG_WARN_OBJC_ROOT_CLASS = YES_ERROR;
				CLANG_WARN_UNREACHABLE_CODE = YES;
				CLANG_WARN__DUPLICATE_METHOD_MATCH = YES;
				"CODE_SIGN_IDENTITY[sdk=iphoneos*]" = "iPhone Developer";
				COPY_PHASE_STRIP = NO;
				DEBUG_INFORMATION_FORMAT = "dwarf-with-dsym";
				ENABLE_NS_ASSERTIONS = NO;
				ENABLE_STRICT_OBJC_MSGSEND = YES;
				GCC_C_LANGUAGE_STANDARD = gnu99;
				GCC_NO_COMMON_BLOCKS = YES;
				GCC_WARN_64_TO_32_BIT_CONVERSION = YES;
				GCC_WARN_ABOUT_RETURN_TYPE = YES_ERROR;
				GCC_WARN_UNDECLARED_SELECTOR = YES;
				GCC_WARN_UNINITIALIZED_AUTOS = YES_AGGRESSIVE;
				GCC_WARN_UNUSED_FUNCTION = YES;
				GCC_WARN_UNUSED_VARIABLE = YES;
				IPHONEOS_DEPLOYMENT_TARGET = 8.3;
				MTL_ENABLE_DEBUG_INFO = NO;
				SDKROOT = iphoneos;
				VALIDATE_PRODUCT = YES;
			};
			name = Release;
		};
		FC36AE911AA5B8A2004F91F1 /* Debug */ = {
			isa = XCBuildConfiguration;
			buildSettings = {
				ASSETCATALOG_COMPILER_APPICON_NAME = AppIcon;
				CODE_SIGN_ENTITLEMENTS = Memoread/Memoread.entitlements;
				CODE_SIGN_IDENTITY = "iPhone Developer";
				"CODE_SIGN_IDENTITY[sdk=iphoneos*]" = "iPhone Developer";
				INFOPLIST_FILE = Memoread/Info.plist;
				IPHONEOS_DEPLOYMENT_TARGET = 8.0;
				LD_RUNPATH_SEARCH_PATHS = "$(inherited) @executable_path/Frameworks";
				PRODUCT_NAME = "$(TARGET_NAME)";
				PROVISIONING_PROFILE = "";
				TARGETED_DEVICE_FAMILY = 1;
			};
			name = Debug;
		};
		FC36AE921AA5B8A2004F91F1 /* Release */ = {
			isa = XCBuildConfiguration;
			buildSettings = {
				ASSETCATALOG_COMPILER_APPICON_NAME = AppIcon;
				CODE_SIGN_ENTITLEMENTS = Memoread/Memoread.entitlements;
				CODE_SIGN_IDENTITY = "iPhone Developer";
				"CODE_SIGN_IDENTITY[sdk=iphoneos*]" = "iPhone Developer";
				INFOPLIST_FILE = Memoread/Info.plist;
				IPHONEOS_DEPLOYMENT_TARGET = 8.0;
				LD_RUNPATH_SEARCH_PATHS = "$(inherited) @executable_path/Frameworks";
				PRODUCT_NAME = "$(TARGET_NAME)";
				PROVISIONING_PROFILE = "";
				TARGETED_DEVICE_FAMILY = 1;
			};
			name = Release;
		};
		FC36AE941AA5B8A2004F91F1 /* Debug */ = {
			isa = XCBuildConfiguration;
			buildSettings = {
				BUNDLE_LOADER = "$(TEST_HOST)";
				FRAMEWORK_SEARCH_PATHS = (
					"$(SDKROOT)/Developer/Library/Frameworks",
					"$(inherited)",
				);
				GCC_PREPROCESSOR_DEFINITIONS = (
					"DEBUG=1",
					"$(inherited)",
				);
				INFOPLIST_FILE = MemoreadTests/Info.plist;
				IPHONEOS_DEPLOYMENT_TARGET = 8.0;
				LD_RUNPATH_SEARCH_PATHS = "$(inherited) @executable_path/Frameworks @loader_path/Frameworks";
				PRODUCT_NAME = "$(TARGET_NAME)";
				TEST_HOST = "$(BUILT_PRODUCTS_DIR)/Memoread.app/Memoread";
			};
			name = Debug;
		};
		FC36AE951AA5B8A2004F91F1 /* Release */ = {
			isa = XCBuildConfiguration;
			buildSettings = {
				BUNDLE_LOADER = "$(TEST_HOST)";
				FRAMEWORK_SEARCH_PATHS = (
					"$(SDKROOT)/Developer/Library/Frameworks",
					"$(inherited)",
				);
				INFOPLIST_FILE = MemoreadTests/Info.plist;
				IPHONEOS_DEPLOYMENT_TARGET = 8.0;
				LD_RUNPATH_SEARCH_PATHS = "$(inherited) @executable_path/Frameworks @loader_path/Frameworks";
				PRODUCT_NAME = "$(TARGET_NAME)";
				TEST_HOST = "$(BUILT_PRODUCTS_DIR)/Memoread.app/Memoread";
			};
			name = Release;
		};
/* End XCBuildConfiguration section */

/* Begin XCConfigurationList section */
		FC36AE6C1AA5B8A2004F91F1 /* Build configuration list for PBXProject "Memoread" */ = {
			isa = XCConfigurationList;
			buildConfigurations = (
				FC36AE8E1AA5B8A2004F91F1 /* Debug */,
				FC36AE8F1AA5B8A2004F91F1 /* Release */,
			);
			defaultConfigurationIsVisible = 0;
			defaultConfigurationName = Release;
		};
		FC36AE901AA5B8A2004F91F1 /* Build configuration list for PBXNativeTarget "Memoread" */ = {
			isa = XCConfigurationList;
			buildConfigurations = (
				FC36AE911AA5B8A2004F91F1 /* Debug */,
				FC36AE921AA5B8A2004F91F1 /* Release */,
			);
			defaultConfigurationIsVisible = 0;
			defaultConfigurationName = Release;
		};
		FC36AE931AA5B8A2004F91F1 /* Build configuration list for PBXNativeTarget "MemoreadTests" */ = {
			isa = XCConfigurationList;
			buildConfigurations = (
				FC36AE941AA5B8A2004F91F1 /* Debug */,
				FC36AE951AA5B8A2004F91F1 /* Release */,
			);
			defaultConfigurationIsVisible = 0;
			defaultConfigurationName = Release;
		};
/* End XCConfigurationList section */
	};
	rootObject = FC36AE691AA5B8A2004F91F1 /* Project object */;
}
